{
  "nodes": {
    "flakeNimbleLib": {
      "inputs": {
        "nixpkgs": [
          "nixpkgs"
        ]
      },
      "locked": {
        "lastModified": 1662018438,
        "narHash": "sha256-QtNtU6+LX3Wokxf0zlFwKTFOcn6TeDjKQZ+DA9OYtvM=",
        "owner": "riinr",
        "repo": "nim-flakes-lib",
        "rev": "b1fe8340736e3a85d25c709ac3dfd82a55c03cbf",
        "type": "github"
      },
      "original": {
        "owner": "riinr",
        "ref": "master",
        "repo": "nim-flakes-lib",
        "type": "github"
      }
    },
    "nixpkgs": {
      "locked": {
        "lastModified": 1667110639,
        "narHash": "sha256-4FbPESZ5LbqQxkJJJBAfk/zKgF9h/4kyUwjjpJwYlbc=",
        "owner": "NixOS",
        "repo": "nixpkgs",
        "rev": "f38a1f04d1bec1feb61fd101a0539ae2002a7087",
        "type": "github"
      },
      "original": {
        "id": "nixpkgs",
        "type": "indirect"
      }
    },
    "root": {
      "inputs": {
        "flakeNimbleLib": "flakeNimbleLib",
        "nixpkgs": "nixpkgs",
        "sodium-master": "sodium-master"
      }
    },
    "sodium-master": {
      "inputs": {
        "flakeNimbleLib": [
          "flakeNimbleLib"
        ],
        "nixpkgs": [
          "nixpkgs"
        ],
        "src-sodium-master": "src-sodium-master"
      },
      "locked": {
        "dir": "master",
        "lastModified": 1662254835,
        "narHash": "sha256-bA5IQGlrDnvg70Pf55TAWSqA+89h/Sj6MV3WNwUDhhk=",
        "owner": "nim-nix-pkgs",
        "repo": "sodium",
        "rev": "6c87ab7176a86d4ee067e74e6c72f383fedd27ca",
        "type": "github"
      },
      "original": {
        "dir": "master",
        "owner": "nim-nix-pkgs",
        "ref": "master",
        "repo": "sodium",
        "type": "github"
      }
    },
    "src-sodium-master": {
      "flake": false,
      "locked": {
        "lastModified": 1546370186,
        "narHash": "sha256-NLr5dxCg2xx65RFlk4FplXsh8yPrX2Ilc0wDWZzmybw=",
        "owner": "zielmicha",
        "repo": "libsodium.nim",
        "rev": "e1c88906d5958ffe56ee2590d34fdc8b2f3a96f5",
        "type": "github"
      },
      "original": {
        "owner": "zielmicha",
        "ref": "refs/heads/master",
        "repo": "libsodium.nim",
        "type": "github"
      }
    }
  },
  "root": "root",
  "version": 7
}
